
Microsoft Visual Studio Solution File, Format Version 12.00
# Visual Studio Version 17
VisualStudioVersion = 17.5.33502.453
MinimumVisualStudioVersion = 10.0.40219.1
Project("{FAE04EC0-301F-11D3-BF4B-00C04F79EFBC}") = "Bruh", "Bruh\Bruh.csproj", "{B9496E9B-4347-4B6D-982E-B92946D547CA}"
EndProject
Global
	GlobalSection(SolutionConfigurationPlatforms) = preSolution
		Debug|Any CPU = Debug|Any CPU
		Release|Any CPU = Release|Any CPU
	EndGlobalSection
	GlobalSection(ProjectConfigurationPlatforms) = postSolution
		{B9496E9B-4347-4B6D-982E-B92946D547CA}.Debug|Any CPU.ActiveCfg = Debug|Any CPU
		{B9496E9B-4347-4B6D-982E-B92946D547CA}.Debug|Any CPU.Build.0 = Debug|Any CPU
		{B9496E9B-4347-4B6D-982E-B92946D547CA}.Release|Any CPU.ActiveCfg = Release|Any CPU
		{B9496E9B-4347-4B6D-982E-B92946D547CA}.Release|Any CPU.Build.0 = Release|Any CPU
	EndGlobalSection
	GlobalSection(SolutionProperties) = preSolution
		HideSolutionNode = FALSE
	EndGlobalSection
	GlobalSection(ExtensibilityGlobals) = postSolution
		SolutionGuid = {402D261B-A3C9-4C97-90C0-D113BA482A77}
	EndGlobalSection
EndGlobal
